
Microsoft Visual Studio Solution File, Format Version 12.00
# Visual Studio 15
VisualStudioVersion = 15.0.28307.168
MinimumVisualStudioVersion = 10.0.40219.1
Project("{FAE04EC0-301F-11D3-BF4B-00C04F79EFBC}") = "Gestion Club Sport Final", "Gestion Club Sport Final\Gestion Club Sport Final.csproj", "{1C11879D-DC36-4265-AE7B-A20011B1AD03}"
EndProject
Global
	GlobalSection(SolutionConfigurationPlatforms) = preSolution
		Debug|Any CPU = Debug|Any CPU
		Release|Any CPU = Release|Any CPU
	EndGlobalSection
	GlobalSection(ProjectConfigurationPlatforms) = postSolution
		{1C11879D-DC36-4265-AE7B-A20011B1AD03}.Debug|Any CPU.ActiveCfg = Debug|Any CPU
		{1C11879D-DC36-4265-AE7B-A20011B1AD03}.Debug|Any CPU.Build.0 = Debug|Any CPU
		{1C11879D-DC36-4265-AE7B-A20011B1AD03}.Release|Any CPU.ActiveCfg = Release|Any CPU
		{1C11879D-DC36-4265-AE7B-A20011B1AD03}.Release|Any CPU.Build.0 = Release|Any CPU
	EndGlobalSection
	GlobalSection(SolutionProperties) = preSolution
		HideSolutionNode = FALSE
	EndGlobalSection
	GlobalSection(ExtensibilityGlobals) = postSolution
		SolutionGuid = {7F1D8572-FB97-433C-B76D-B28329FF9B6E}
	EndGlobalSection
EndGlobal
